
Microsoft Visual Studio Solution File, Format Version 12.00
# Visual Studio Version 17
VisualStudioVersion = 17.5.33530.505
MinimumVisualStudioVersion = 10.0.40219.1
Project("{FAE04EC0-301F-11D3-BF4B-00C04F79EFBC}") = "UsenetFileProcessor", "UsenetFileProcessor.csproj", "{709793B3-85E9-4B5C-82BA-81F3A306835E}"
EndProject
Global
	GlobalSection(SolutionConfigurationPlatforms) = preSolution
		Debug|Any CPU = Debug|Any CPU
		Release|Any CPU = Release|Any CPU
	EndGlobalSection
	GlobalSection(ProjectConfigurationPlatforms) = postSolution
		{709793B3-85E9-4B5C-82BA-81F3A306835E}.Debug|Any CPU.ActiveCfg = Debug|Any CPU
		{709793B3-85E9-4B5C-82BA-81F3A306835E}.Debug|Any CPU.Build.0 = Debug|Any CPU
		{709793B3-85E9-4B5C-82BA-81F3A306835E}.Release|Any CPU.ActiveCfg = Release|Any CPU
		{709793B3-85E9-4B5C-82BA-81F3A306835E}.Release|Any CPU.Build.0 = Release|Any CPU
	EndGlobalSection
	GlobalSection(SolutionProperties) = preSolution
		HideSolutionNode = FALSE
	EndGlobalSection
	GlobalSection(ExtensibilityGlobals) = postSolution
		SolutionGuid = {5E87CE6A-5C81-4E32-89F5-15FBBC78121C}
	EndGlobalSection
EndGlobal
